
Microsoft Visual Studio Solution File, Format Version 12.00
# Visual Studio 15
VisualStudioVersion = 15.0.26124.0
MinimumVisualStudioVersion = 15.0.26124.0
Project("{FAE04EC0-301F-11D3-BF4B-00C04F79EFBC}") = "Gram.Rpg.Client.Presentation", "Gram.Rpg.Client.Presentation\Gram.Rpg.Client.Presentation.csproj", "{9BF553A0-1631-4DED-8D59-F0123B0EBE2A}"
EndProject
Project("{2150E333-8FDC-42A3-9474-1A3956D46DE8}") = "Client", "Client", "{ADDE071A-A941-4B06-AA9F-85DD022A81FA}"
EndProject
Project("{2150E333-8FDC-42A3-9474-1A3956D46DE8}") = "Layers", "Layers", "{930519EF-BBB6-49E9-9A5E-EEB7A3B9DD74}"
EndProject
Project("{FAE04EC0-301F-11D3-BF4B-00C04F79EFBC}") = "Gram.Rpg.Client.Application", "Gram.Rpg.Client.Application\Gram.Rpg.Client.Application.csproj", "{F63F4BBE-0140-40F7-89C5-BB6FA53525E8}"
EndProject
Project("{FAE04EC0-301F-11D3-BF4B-00C04F79EFBC}") = "Gram.Rpg.Client.Infrastructure", "Gram.Rpg.Client.Infrastructure\Gram.Rpg.Client.Infrastructure.csproj", "{92D830B7-A232-445E-B8F4-EA742AF55D56}"
EndProject
Project("{FAE04EC0-301F-11D3-BF4B-00C04F79EFBC}") = "Gram.Rpg.Client.Domain", "Gram.Rpg.Client.Domain\Gram.Rpg.Client.Domain.csproj", "{9EFFA648-ADEA-4C34-851A-98BD4629D7C7}"
EndProject
Project("{FAE04EC0-301F-11D3-BF4B-00C04F79EFBC}") = "Gram.Rpg.Client.Core", "Gram.Rpg.Client.Core\Gram.Rpg.Client.Core.csproj", "{E8C124B9-931C-4C05-90B9-395E73321B2D}"
EndProject
Project("{FAE04EC0-301F-11D3-BF4B-00C04F79EFBC}") = "Gram.Rpg.Client.Game", "Gram.Rpg.Client.Game\Gram.Rpg.Client.Game.csproj", "{AB07BEC5-D2A7-446C-936E-C12353D4C81F}"
EndProject
Project("{2150E333-8FDC-42A3-9474-1A3956D46DE8}") = "Game", "Game", "{49E36E14-2AA8-47E2-B97C-6E10CBD95E26}"
EndProject
Global
	GlobalSection(SolutionConfigurationPlatforms) = preSolution
		Debug|Any CPU = Debug|Any CPU
		Debug|x64 = Debug|x64
		Debug|x86 = Debug|x86
		Release|Any CPU = Release|Any CPU
		Release|x64 = Release|x64
		Release|x86 = Release|x86
	EndGlobalSection
	GlobalSection(SolutionProperties) = preSolution
		HideSolutionNode = FALSE
	EndGlobalSection
	GlobalSection(ProjectConfigurationPlatforms) = postSolution
		{9BF553A0-1631-4DED-8D59-F0123B0EBE2A}.Debug|Any CPU.ActiveCfg = Debug|Any CPU
		{9BF553A0-1631-4DED-8D59-F0123B0EBE2A}.Debug|Any CPU.Build.0 = Debug|Any CPU
		{9BF553A0-1631-4DED-8D59-F0123B0EBE2A}.Debug|x64.ActiveCfg = Debug|Any CPU
		{9BF553A0-1631-4DED-8D59-F0123B0EBE2A}.Debug|x64.Build.0 = Debug|Any CPU
		{9BF553A0-1631-4DED-8D59-F0123B0EBE2A}.Debug|x86.ActiveCfg = Debug|Any CPU
		{9BF553A0-1631-4DED-8D59-F0123B0EBE2A}.Debug|x86.Build.0 = Debug|Any CPU
		{9BF553A0-1631-4DED-8D59-F0123B0EBE2A}.Release|Any CPU.ActiveCfg = Release|Any CPU
		{9BF553A0-1631-4DED-8D59-F0123B0EBE2A}.Release|Any CPU.Build.0 = Release|Any CPU
		{9BF553A0-1631-4DED-8D59-F0123B0EBE2A}.Release|x64.ActiveCfg = Release|Any CPU
		{9BF553A0-1631-4DED-8D59-F0123B0EBE2A}.Release|x64.Build.0 = Release|Any CPU
		{9BF553A0-1631-4DED-8D59-F0123B0EBE2A}.Release|x86.ActiveCfg = Release|Any CPU
		{9BF553A0-1631-4DED-8D59-F0123B0EBE2A}.Release|x86.Build.0 = Release|Any CPU
		{9BF553A0-1631-4DED-8D59-F0123B0EBE2A}.Debug|Any CPU.Deploy.0 = Debug|Any CPU
		{F63F4BBE-0140-40F7-89C5-BB6FA53525E8}.Debug|Any CPU.ActiveCfg = Debug|Any CPU
		{F63F4BBE-0140-40F7-89C5-BB6FA53525E8}.Debug|Any CPU.Build.0 = Debug|Any CPU
		{F63F4BBE-0140-40F7-89C5-BB6FA53525E8}.Debug|x64.ActiveCfg = Debug|Any CPU
		{F63F4BBE-0140-40F7-89C5-BB6FA53525E8}.Debug|x64.Build.0 = Debug|Any CPU
		{F63F4BBE-0140-40F7-89C5-BB6FA53525E8}.Debug|x86.ActiveCfg = Debug|Any CPU
		{F63F4BBE-0140-40F7-89C5-BB6FA53525E8}.Debug|x86.Build.0 = Debug|Any CPU
		{F63F4BBE-0140-40F7-89C5-BB6FA53525E8}.Release|Any CPU.ActiveCfg = Release|Any CPU
		{F63F4BBE-0140-40F7-89C5-BB6FA53525E8}.Release|Any CPU.Build.0 = Release|Any CPU
		{F63F4BBE-0140-40F7-89C5-BB6FA53525E8}.Release|x64.ActiveCfg = Release|Any CPU
		{F63F4BBE-0140-40F7-89C5-BB6FA53525E8}.Release|x64.Build.0 = Release|Any CPU
		{F63F4BBE-0140-40F7-89C5-BB6FA53525E8}.Release|x86.ActiveCfg = Release|Any CPU
		{F63F4BBE-0140-40F7-89C5-BB6FA53525E8}.Release|x86.Build.0 = Release|Any CPU
		{F63F4BBE-0140-40F7-89C5-BB6FA53525E8}.Debug|Any CPU.Deploy.0 = Debug|Any CPU
		{92D830B7-A232-445E-B8F4-EA742AF55D56}.Debug|Any CPU.ActiveCfg = Debug|Any CPU
		{92D830B7-A232-445E-B8F4-EA742AF55D56}.Debug|Any CPU.Build.0 = Debug|Any CPU
		{92D830B7-A232-445E-B8F4-EA742AF55D56}.Debug|x64.ActiveCfg = Debug|Any CPU
		{92D830B7-A232-445E-B8F4-EA742AF55D56}.Debug|x64.Build.0 = Debug|Any CPU
		{92D830B7-A232-445E-B8F4-EA742AF55D56}.Debug|x86.ActiveCfg = Debug|Any CPU
		{92D830B7-A232-445E-B8F4-EA742AF55D56}.Debug|x86.Build.0 = Debug|Any CPU
		{92D830B7-A232-445E-B8F4-EA742AF55D56}.Release|Any CPU.ActiveCfg = Release|Any CPU
		{92D830B7-A232-445E-B8F4-EA742AF55D56}.Release|Any CPU.Build.0 = Release|Any CPU
		{92D830B7-A232-445E-B8F4-EA742AF55D56}.Release|x64.ActiveCfg = Release|Any CPU
		{92D830B7-A232-445E-B8F4-EA742AF55D56}.Release|x64.Build.0 = Release|Any CPU
		{92D830B7-A232-445E-B8F4-EA742AF55D56}.Release|x86.ActiveCfg = Release|Any CPU
		{92D830B7-A232-445E-B8F4-EA742AF55D56}.Release|x86.Build.0 = Release|Any CPU
		{92D830B7-A232-445E-B8F4-EA742AF55D56}.Debug|Any CPU.Deploy.0 = Debug|Any CPU
		{9EFFA648-ADEA-4C34-851A-98BD4629D7C7}.Debug|Any CPU.ActiveCfg = Debug|Any CPU
		{9EFFA648-ADEA-4C34-851A-98BD4629D7C7}.Debug|Any CPU.Build.0 = Debug|Any CPU
		{9EFFA648-ADEA-4C34-851A-98BD4629D7C7}.Debug|x64.ActiveCfg = Debug|Any CPU
		{9EFFA648-ADEA-4C34-851A-98BD4629D7C7}.Debug|x64.Build.0 = Debug|Any CPU
		{9EFFA648-ADEA-4C34-851A-98BD4629D7C7}.Debug|x86.ActiveCfg = Debug|Any CPU
		{9EFFA648-ADEA-4C34-851A-98BD4629D7C7}.Debug|x86.Build.0 = Debug|Any CPU
		{9EFFA648-ADEA-4C34-851A-98BD4629D7C7}.Release|Any CPU.ActiveCfg = Release|Any CPU
		{9EFFA648-ADEA-4C34-851A-98BD4629D7C7}.Release|Any CPU.Build.0 = Release|Any CPU
		{9EFFA648-ADEA-4C34-851A-98BD4629D7C7}.Release|x64.ActiveCfg = Release|Any CPU
		{9EFFA648-ADEA-4C34-851A-98BD4629D7C7}.Release|x64.Build.0 = Release|Any CPU
		{9EFFA648-ADEA-4C34-851A-98BD4629D7C7}.Release|x86.ActiveCfg = Release|Any CPU
		{9EFFA648-ADEA-4C34-851A-98BD4629D7C7}.Release|x86.Build.0 = Release|Any CPU
		{9EFFA648-ADEA-4C34-851A-98BD4629D7C7}.Debug|Any CPU.Deploy.0 = Debug|Any CPU
		{E8C124B9-931C-4C05-90B9-395E73321B2D}.Debug|Any CPU.ActiveCfg = Debug|Any CPU
		{E8C124B9-931C-4C05-90B9-395E73321B2D}.Debug|Any CPU.Build.0 = Debug|Any CPU
		{E8C124B9-931C-4C05-90B9-395E73321B2D}.Debug|x64.ActiveCfg = Debug|Any CPU
		{E8C124B9-931C-4C05-90B9-395E73321B2D}.Debug|x64.Build.0 = Debug|Any CPU
		{E8C124B9-931C-4C05-90B9-395E73321B2D}.Debug|x86.ActiveCfg = Debug|Any CPU
		{E8C124B9-931C-4C05-90B9-395E73321B2D}.Debug|x86.Build.0 = Debug|Any CPU
		{E8C124B9-931C-4C05-90B9-395E73321B2D}.Release|Any CPU.ActiveCfg = Release|Any CPU
		{E8C124B9-931C-4C05-90B9-395E73321B2D}.Release|Any CPU.Build.0 = Release|Any CPU
		{E8C124B9-931C-4C05-90B9-395E73321B2D}.Release|x64.ActiveCfg = Release|Any CPU
		{E8C124B9-931C-4C05-90B9-395E73321B2D}.Release|x64.Build.0 = Release|Any CPU
		{E8C124B9-931C-4C05-90B9-395E73321B2D}.Release|x86.ActiveCfg = Release|Any CPU
		{E8C124B9-931C-4C05-90B9-395E73321B2D}.Release|x86.Build.0 = Release|Any CPU
		{AB07BEC5-D2A7-446C-936E-C12353D4C81F}.Debug|Any CPU.ActiveCfg = Debug|Any CPU
		{AB07BEC5-D2A7-446C-936E-C12353D4C81F}.Debug|Any CPU.Build.0 = Debug|Any CPU
		{AB07BEC5-D2A7-446C-936E-C12353D4C81F}.Debug|x64.ActiveCfg = Debug|Any CPU
		{AB07BEC5-D2A7-446C-936E-C12353D4C81F}.Debug|x64.Build.0 = Debug|Any CPU
		{AB07BEC5-D2A7-446C-936E-C12353D4C81F}.Debug|x86.ActiveCfg = Debug|Any CPU
		{AB07BEC5-D2A7-446C-936E-C12353D4C81F}.Debug|x86.Build.0 = Debug|Any CPU
		{AB07BEC5-D2A7-446C-936E-C12353D4C81F}.Release|Any CPU.ActiveCfg = Release|Any CPU
		{AB07BEC5-D2A7-446C-936E-C12353D4C81F}.Release|Any CPU.Build.0 = Release|Any CPU
		{AB07BEC5-D2A7-446C-936E-C12353D4C81F}.Release|x64.ActiveCfg = Release|Any CPU
		{AB07BEC5-D2A7-446C-936E-C12353D4C81F}.Release|x64.Build.0 = Release|Any CPU
		{AB07BEC5-D2A7-446C-936E-C12353D4C81F}.Release|x86.ActiveCfg = Release|Any CPU
		{AB07BEC5-D2A7-446C-936E-C12353D4C81F}.Release|x86.Build.0 = Release|Any CPU
	EndGlobalSection
	GlobalSection(NestedProjects) = preSolution
		{930519EF-BBB6-49E9-9A5E-EEB7A3B9DD74} = {ADDE071A-A941-4B06-AA9F-85DD022A81FA}
		{9BF553A0-1631-4DED-8D59-F0123B0EBE2A} = {930519EF-BBB6-49E9-9A5E-EEB7A3B9DD74}
		{F63F4BBE-0140-40F7-89C5-BB6FA53525E8} = {930519EF-BBB6-49E9-9A5E-EEB7A3B9DD74}
		{9EFFA648-ADEA-4C34-851A-98BD4629D7C7} = {930519EF-BBB6-49E9-9A5E-EEB7A3B9DD74}
		{92D830B7-A232-445E-B8F4-EA742AF55D56} = {930519EF-BBB6-49E9-9A5E-EEB7A3B9DD74}
		{E8C124B9-931C-4C05-90B9-395E73321B2D} = {930519EF-BBB6-49E9-9A5E-EEB7A3B9DD74}
		{AB07BEC5-D2A7-446C-936E-C12353D4C81F} = {49E36E14-2AA8-47E2-B97C-6E10CBD95E26}
	EndGlobalSection
EndGlobal
